// !$*UTF8*$!
{
	archiveVersion = 1;
	classes = {
	};
	objectVersion = 46;
	objects = {

/* Begin PBXBuildFile section */
		2FFAAF281A5FACFB009E6F1E /* main.m in Sources */ = {isa = PBXBuildFile; fileRef = 2FFAAF271A5FACFB009E6F1E /* main.m */; };
		2FFAAF2B1A5FACFB009E6F1E /* AppDelegate.m in Sources */ = {isa = PBXBuildFile; fileRef = 2FFAAF2A1A5FACFB009E6F1E /* AppDelegate.m */; };
		2FFAAF2E1A5FACFB009E6F1E /* ViewController.m in Sources */ = {isa = PBXBuildFile; fileRef = 2FFAAF2D1A5FACFB009E6F1E /* ViewController.m */; };
		2FFAAF311A5FACFB009E6F1E /* Main.storyboard in Resources */ = {isa = PBXBuildFile; fileRef = 2FFAAF2F1A5FACFB009E6F1E /* Main.storyboard */; };
		2FFAAF331A5FACFB009E6F1E /* Images.xcassets in Resources */ = {isa = PBXBuildFile; fileRef = 2FFAAF321A5FACFB009E6F1E /* Images.xcassets */; };
		2FFAAF361A5FACFB009E6F1E /* LaunchScreen.xib in Resources */ = {isa = PBXBuildFile; fileRef = 2FFAAF341A5FACFB009E6F1E /* LaunchScreen.xib */; };
		2FFAAF421A5FACFB009E6F1E /* Testbed_iOSTests.m in Sources */ = {isa = PBXBuildFile; fileRef = 2FFAAF411A5FACFB009E6F1E /* Testbed_iOSTests.m */; };
/* End PBXBuildFile section */

/* Begin PBXContainerItemProxy section */
		2FFAAF3C1A5FACFB009E6F1E /* PBXContainerItemProxy */ = {
			isa = PBXContainerItemProxy;
			containerPortal = 2FFAAF1A1A5FACFB009E6F1E /* Project object */;
			proxyType = 1;
			remoteGlobalIDString = 2FFAAF211A5FACFB009E6F1E;
			remoteInfo = "Testbed iOS";
		};
/* End PBXContainerItemProxy section */

/* Begin PBXFileReference section */
		2FFAAF221A5FACFB009E6F1E /* Testbed iOS.app */ = {isa = PBXFileReference; explicitFileType = wrapper.application; includeInIndex = 0; path = "Testbed iOS.app"; sourceTree = BUILT_PRODUCTS_DIR; };
		2FFAAF261A5FACFB009E6F1E /* Info.plist */ = {isa = PBXFileReference; lastKnownFileType = text.plist.xml; path = Info.plist; sourceTree = "<group>"; };
		2FFAAF271A5FACFB009E6F1E /* main.m */ = {isa = PBXFileReference; lastKnownFileType = sourcecode.c.objc; path = main.m; sourceTree = "<group>"; };
		2FFAAF291A5FACFB009E6F1E /* AppDelegate.h */ = {isa = PBXFileReference; lastKnownFileType = sourcecode.c.h; path = AppDelegate.h; sourceTree = "<group>"; };
		2FFAAF2A1A5FACFB009E6F1E /* AppDelegate.m */ = {isa = PBXFileReference; lastKnownFileType = sourcecode.c.objc; path = AppDelegate.m; sourceTree = "<group>"; };
		2FFAAF2C1A5FACFB009E6F1E /* ViewController.h */ = {isa = PBXFileReference; lastKnownFileType = sourcecode.c.h; path = ViewController.h; sourceTree = "<group>"; };
		2FFAAF2D1A5FACFB009E6F1E /* ViewController.m */ = {isa = PBXFileReference; lastKnownFileType = sourcecode.c.objc; path = ViewController.m; sourceTree = "<group>"; };
		2FFAAF301A5FACFB009E6F1E /* Base */ = {isa = PBXFileReference; lastKnownFileType = file.storyboard; name = Base; path = Base.lproj/Main.storyboard; sourceTree = "<group>"; };
		2FFAAF321A5FACFB009E6F1E /* Images.xcassets */ = {isa = PBXFileReference; lastKnownFileType = folder.assetcatalog; path = Images.xcassets; sourceTree = "<group>"; };
		2FFAAF351A5FACFB009E6F1E /* Base */ = {isa = PBXFileReference; lastKnownFileType = file.xib; name = Base; path = Base.lproj/LaunchScreen.xib; sourceTree = "<group>"; };
		2FFAAF3B1A5FACFB009E6F1E /* Testbed iOSTests.xctest */ = {isa = PBXFileReference; explicitFileType = wrapper.cfbundle; includeInIndex = 0; path = "Testbed iOSTests.xctest"; sourceTree = BUILT_PRODUCTS_DIR; };
		2FFAAF401A5FACFB009E6F1E /* Info.plist */ = {isa = PBXFileReference; lastKnownFileType = text.plist.xml; path = Info.plist; sourceTree = "<group>"; };
		2FFAAF411A5FACFB009E6F1E /* Testbed_iOSTests.m */ = {isa = PBXFileReference; lastKnownFileType = sourcecode.c.objc; path = Testbed_iOSTests.m; sourceTree = "<group>"; };
/* End PBXFileReference section */

/* Begin PBXFrameworksBuildPhase section */
		2FFAAF1F1A5FACFB009E6F1E /* Frameworks */ = {
			isa = PBXFrameworksBuildPhase;
			buildActionMask = 2147483647;
			files = (
			);
			runOnlyForDeploymentPostprocessing = 0;
		};
		2FFAAF381A5FACFB009E6F1E /* Frameworks */ = {
			isa = PBXFrameworksBuildPhase;
			buildActionMask = 2147483647;
			files = (
			);
			runOnlyForDeploymentPostprocessing = 0;
		};
/* End PBXFrameworksBuildPhase section */

/* Begin PBXGroup section */
		2FFAAF191A5FACFB009E6F1E = {
			isa = PBXGroup;
			children = (
				2FFAAF241A5FACFB009E6F1E /* Testbed iOS */,
				2FFAAF3E1A5FACFB009E6F1E /* Testbed iOSTests */,
				2FFAAF231A5FACFB009E6F1E /* Products */,
			);
			sourceTree = "<group>";
		};
		2FFAAF231A5FACFB009E6F1E /* Products */ = {
			isa = PBXGroup;
			children = (
				2FFAAF221A5FACFB009E6F1E /* Testbed iOS.app */,
				2FFAAF3B1A5FACFB009E6F1E /* Testbed iOSTests.xctest */,
			);
			name = Products;
			sourceTree = "<group>";
		};
		2FFAAF241A5FACFB009E6F1E /* Testbed iOS */ = {
			isa = PBXGroup;
			children = (
				2FFAAF291A5FACFB009E6F1E /* AppDelegate.h */,
				2FFAAF2A1A5FACFB009E6F1E /* AppDelegate.m */,
				2FFAAF2C1A5FACFB009E6F1E /* ViewController.h */,
				2FFAAF2D1A5FACFB009E6F1E /* ViewController.m */,
				2FFAAF2F1A5FACFB009E6F1E /* Main.storyboard */,
				2FFAAF321A5FACFB009E6F1E /* Images.xcassets */,
				2FFAAF341A5FACFB009E6F1E /* LaunchScreen.xib */,
				2FFAAF251A5FACFB009E6F1E /* Supporting Files */,
			);
			path = "Testbed iOS";
			sourceTree = "<group>";
		};
		2FFAAF251A5FACFB009E6F1E /* Supporting Files */ = {
			isa = PBXGroup;
			children = (
				2FFAAF261A5FACFB009E6F1E /* Info.plist */,
				2FFAAF271A5FACFB009E6F1E /* main.m */,
			);
			name = "Supporting Files";
			sourceTree = "<group>";
		};
		2FFAAF3E1A5FACFB009E6F1E /* Testbed iOSTests */ = {
			isa = PBXGroup;
			children = (
				2FFAAF411A5FACFB009E6F1E /* Testbed_iOSTests.m */,
				2FFAAF3F1A5FACFB009E6F1E /* Supporting Files */,
			);
			path = "Testbed iOSTests";
			sourceTree = "<group>";
		};
		2FFAAF3F1A5FACFB009E6F1E /* Supporting Files */ = {
			isa = PBXGroup;
			children = (
				2FFAAF401A5FACFB009E6F1E /* Info.plist */,
			);
			name = "Supporting Files";
			sourceTree = "<group>";
		};
/* End PBXGroup section */

/* Begin PBXNativeTarget section */
		2FFAAF211A5FACFB009E6F1E /* Testbed iOS */ = {
			isa = PBXNativeTarget;
			buildConfigurationList = 2FFAAF451A5FACFB009E6F1E /* Build configuration list for PBXNativeTarget "Testbed iOS" */;
			buildPhases = (
				2FFAAF1E1A5FACFB009E6F1E /* Sources */,
				2FFAAF1F1A5FACFB009E6F1E /* Frameworks */,
				2FFAAF201A5FACFB009E6F1E /* Resources */,
			);
			buildRules = (
			);
			dependencies = (
			);
			name = "Testbed iOS";
			productName = "Testbed iOS";
			productReference = 2FFAAF221A5FACFB009E6F1E /* Testbed iOS.app */;
			productType = "com.apple.product-type.application";
		};
		2FFAAF3A1A5FACFB009E6F1E /* Testbed iOSTests */ = {
			isa = PBXNativeTarget;
			buildConfigurationList = 2FFAAF481A5FACFB009E6F1E /* Build configuration list for PBXNativeTarget "Testbed iOSTests" */;
			buildPhases = (
				2FFAAF371A5FACFB009E6F1E /* Sources */,
				2FFAAF381A5FACFB009E6F1E /* Frameworks */,
				2FFAAF391A5FACFB009E6F1E /* Resources */,
			);
			buildRules = (
			);
			dependencies = (
				2FFAAF3D1A5FACFB009E6F1E /* PBXTargetDependency */,
			);
			name = "Testbed iOSTests";
			productName = "Testbed iOSTests";
			productReference = 2FFAAF3B1A5FACFB009E6F1E /* Testbed iOSTests.xctest */;
			productType = "com.apple.product-type.bundle.unit-test";
		};
/* End PBXNativeTarget section */

/* Begin PBXProject section */
		2FFAAF1A1A5FACFB009E6F1E /* Project object */ = {
			isa = PBXProject;
			attributes = {
				LastUpgradeCheck = 0610;
				ORGANIZATIONNAME = MANUELA;
				TargetAttributes = {
					2FFAAF211A5FACFB009E6F1E = {
						CreatedOnToolsVersion = 6.1.1;
					};
					2FFAAF3A1A5FACFB009E6F1E = {
						CreatedOnToolsVersion = 6.1.1;
						TestTargetID = 2FFAAF211A5FACFB009E6F1E;
					};
				};
			};
			buildConfigurationList = 2FFAAF1D1A5FACFB009E6F1E /* Build configuration list for PBXProject "Testbed iOS" */;
			compatibilityVersion = "Xcode 3.2";
			developmentRegion = English;
			hasScannedForEncodings = 0;
			knownRegions = (
				en,
				Base,
			);
			mainGroup = 2FFAAF191A5FACFB009E6F1E;
			productRefGroup = 2FFAAF231A5FACFB009E6F1E /* Products */;
			projectDirPath = "";
			projectRoot = "";
			targets = (
				2FFAAF211A5FACFB009E6F1E /* Testbed iOS */,
				2FFAAF3A1A5FACFB009E6F1E /* Testbed iOSTests */,
			);
		};
/* End PBXProject section */

/* Begin PBXResourcesBuildPhase section */
		2FFAAF201A5FACFB009E6F1E /* Resources */ = {
			isa = PBXResourcesBuildPhase;
			buildActionMask = 2147483647;
			files = (
				2FFAAF311A5FACFB009E6F1E /* Main.storyboard in Resources */,
				2FFAAF361A5FACFB009E6F1E /* LaunchScreen.xib in Resources */,
				2FFAAF331A5FACFB009E6F1E /* Images.xcassets in Resources */,
			);
			runOnlyForDeploymentPostprocessing = 0;
		};
		2FFAAF391A5FACFB009E6F1E /* Resources */ = {
			isa = PBXResourcesBuildPhase;
			buildActionMask = 2147483647;
			files = (
			);
			runOnlyForDeploymentPostprocessing = 0;
		};
/* End PBXResourcesBuildPhase section */

/* Begin PBXSourcesBuildPhase section */
		2FFAAF1E1A5FACFB009E6F1E /* Sources */ = {
			isa = PBXSourcesBuildPhase;
			buildActionMask = 2147483647;
			files = (
				2FFAAF2E1A5FACFB009E6F1E /* ViewController.m in Sources */,
				2FFAAF2B1A5FACFB009E6F1E /* AppDelegate.m in Sources */,
				2FFAAF281A5FACFB009E6F1E /* main.m in Sources */,
			);
			runOnlyForDeploymentPostprocessing = 0;
		};
		2FFAAF371A5FACFB009E6F1E /* Sources */ = {
			isa = PBXSourcesBuildPhase;
			buildActionMask = 2147483647;
			files = (
				2FFAAF421A5FACFB009E6F1E /* Testbed_iOSTests.m in Sources */,
			);
			runOnlyForDeploymentPostprocessing = 0;
		};
/* End PBXSourcesBuildPhase section */

/* Begin PBXTargetDependency section */
		2FFAAF3D1A5FACFB009E6F1E /* PBXTargetDependency */ = {
			isa = PBXTargetDependency;
			target = 2FFAAF211A5FACFB009E6F1E /* Testbed iOS */;
			targetProxy = 2FFAAF3C1A5FACFB009E6F1E /* PBXContainerItemProxy */;
		};
/* End PBXTargetDependency section */

/* Begin PBXVariantGroup section */
		2FFAAF2F1A5FACFB009E6F1E /* Main.storyboard */ = {
			isa = PBXVariantGroup;
			children = (
				2FFAAF301A5FACFB009E6F1E /* Base */,
			);
			name = Main.storyboard;
			sourceTree = "<group>";
		};
		2FFAAF341A5FACFB009E6F1E /* LaunchScreen.xib */ = {
			isa = PBXVariantGroup;
			children = (
				2FFAAF351A5FACFB009E6F1E /* Base */,
			);
			name = LaunchScreen.xib;
			sourceTree = "<group>";
		};
/* End PBXVariantGroup section */

/* Begin XCBuildConfiguration section */
		2FFAAF431A5FACFB009E6F1E /* Debug */ = {
			isa = XCBuildConfiguration;
			buildSettings = {
				ALWAYS_SEARCH_USER_PATHS = NO;
				CLANG_CXX_LANGUAGE_STANDARD = "gnu++0x";
				CLANG_CXX_LIBRARY = "libc++";
				CLANG_ENABLE_MODULES = YES;
				CLANG_ENABLE_OBJC_ARC = YES;
				CLANG_WARN_BOOL_CONVERSION = YES;
				CLANG_WARN_CONSTANT_CONVERSION = YES;
				CLANG_WARN_DIRECT_OBJC_ISA_USAGE = YES_ERROR;
				CLANG_WARN_EMPTY_BODY = YES;
				CLANG_WARN_ENUM_CONVERSION = YES;
				CLANG_WARN_INT_CONVERSION = YES;
				CLANG_WARN_OBJC_ROOT_CLASS = YES_ERROR;
				CLANG_WARN_UNREACHABLE_CODE = YES;
				CLANG_WARN__DUPLICATE_METHOD_MATCH = YES;
				"CODE_SIGN_IDENTITY[sdk=iphoneos*]" = "iPhone Developer";
				COPY_PHASE_STRIP = NO;
				ENABLE_STRICT_OBJC_MSGSEND = YES;
				GCC_C_LANGUAGE_STANDARD = gnu99;
				GCC_DYNAMIC_NO_PIC = NO;
				GCC_OPTIMIZATION_LEVEL = 0;
				GCC_PREPROCESSOR_DEFINITIONS = (
					"DEBUG=1",
					"$(inherited)",
				);
				GCC_SYMBOLS_PRIVATE_EXTERN = NO;
				GCC_WARN_64_TO_32_BIT_CONVERSION = YES;
				GCC_WARN_ABOUT_RETURN_TYPE = YES_ERROR;
				GCC_WARN_UNDECLARED_SELECTOR = YES;
				GCC_WARN_UNINITIALIZED_AUTOS = YES_AGGRESSIVE;
				GCC_WARN_UNUSED_FUNCTION = YES;
				GCC_WARN_UNUSED_VARIABLE = YES;
				IPHONEOS_DEPLOYMENT_TARGET = 8.1;
				MTL_ENABLE_DEBUG_INFO = YES;
				ONLY_ACTIVE_ARCH = YES;
				SDKROOT = iphoneos;
				TARGETED_DEVICE_FAMILY = "1,2";
			};
			name = Debug;
		};
		2FFAAF441A5FACFB009E6F1E /* Release */ = {
			isa = XCBuildConfiguration;
			buildSettings = {
				ALWAYS_SEARCH_USER_PATHS = NO;
				CLANG_CXX_LANGUAGE_STANDARD = "gnu++0x";
				CLANG_CXX_LIBRARY = "libc++";
				CLANG_ENABLE_MODULES = YES;
				CLANG_ENABLE_OBJC_ARC = YES;
				CLANG_WARN_BOOL_CONVERSION = YES;
				CLANG_WARN_CONSTANT_CONVERSION = YES;
				CLANG_WARN_DIRECT_OBJC_ISA_USAGE = YES_ERROR;
				CLANG_WARN_EMPTY_BODY = YES;
				CLANG_WARN_ENUM_CONVERSION = YES;
				CLANG_WARN_INT_CONVERSION = YES;
				CLANG_WARN_OBJC_ROOT_CLASS = YES_ERROR;
				CLANG_WARN_UNREACHABLE_CODE = YES;
				CLANG_WARN__DUPLICATE_METHOD_MATCH = YES;
				"CODE_SIGN_IDENTITY[sdk=iphoneos*]" = "iPhone Developer";
				COPY_PHASE_STRIP = YES;
				ENABLE_NS_ASSERTIONS = NO;
				ENABLE_STRICT_OBJC_MSGSEND = YES;
				GCC_C_LANGUAGE_STANDARD = gnu99;
				GCC_WARN_64_TO_32_BIT_CONVERSION = YES;
				GCC_WARN_ABOUT_RETURN_TYPE = YES_ERROR;
				GCC_WARN_UNDECLARED_SELECTOR = YES;
				GCC_WARN_UNINITIALIZED_AUTOS = YES_AGGRESSIVE;
				GCC_WARN_UNUSED_FUNCTION = YES;
				GCC_WARN_UNUSED_VARIABLE = YES;
				IPHONEOS_DEPLOYMENT_TARGET = 8.1;
				MTL_ENABLE_DEBUG_INFO = NO;
				SDKROOT = iphoneos;
				TARGETED_DEVICE_FAMILY = "1,2";
				VALIDATE_PRODUCT = YES;
			};
			name = Release;
		};
		2FFAAF461A5FACFB009E6F1E /* Debug */ = {
			isa = XCBuildConfiguration;
			buildSettings = {
				ASSETCATALOG_COMPILER_APPICON_NAME = AppIcon;
				INFOPLIST_FILE = "Testbed iOS/Info.plist";
				LD_RUNPATH_SEARCH_PATHS = "$(inherited) @executable_path/Frameworks";
				PRODUCT_NAME = "$(TARGET_NAME)";
			};
			name = Debug;
		};
		2FFAAF471A5FACFB009E6F1E /* Release */ = {
			isa = XCBuildConfiguration;
			buildSettings = {
				ASSETCATALOG_COMPILER_APPICON_NAME = AppIcon;
				INFOPLIST_FILE = "Testbed iOS/Info.plist";
				LD_RUNPATH_SEARCH_PATHS = "$(inherited) @executable_path/Frameworks";
				PRODUCT_NAME = "$(TARGET_NAME)";
			};
			name = Release;
		};
		2FFAAF491A5FACFB009E6F1E /* Debug */ = {
			isa = XCBuildConfiguration;
			buildSettings = {
				BUNDLE_LOADER = "$(TEST_HOST)";
				FRAMEWORK_SEARCH_PATHS = (
					"$(SDKROOT)/Developer/Library/Frameworks",
					"$(inherited)",
				);
				GCC_PREPROCESSOR_DEFINITIONS = (
					"DEBUG=1",
					"$(inherited)",
				);
				INFOPLIST_FILE = "Testbed iOSTests/Info.plist";
				LD_RUNPATH_SEARCH_PATHS = "$(inherited) @executable_path/Frameworks @loader_path/Frameworks";
				PRODUCT_NAME = "$(TARGET_NAME)";
				TEST_HOST = "$(BUILT_PRODUCTS_DIR)/Testbed iOS.app/Testbed iOS";
			};
			name = Debug;
		};
		2FFAAF4A1A5FACFB009E6F1E /* Release */ = {
			isa = XCBuildConfiguration;
			buildSettings = {
				BUNDLE_LOADER = "$(TEST_HOST)";
				FRAMEWORK_SEARCH_PATHS = (
					"$(SDKROOT)/Developer/Library/Frameworks",
					"$(inherited)",
				);
				INFOPLIST_FILE = "Testbed iOSTests/Info.plist";
				LD_RUNPATH_SEARCH_PATHS = "$(inherited) @executable_path/Frameworks @loader_path/Frameworks";
				PRODUCT_NAME = "$(TARGET_NAME)";
				TEST_HOST = "$(BUILT_PRODUCTS_DIR)/Testbed iOS.app/Testbed iOS";
			};
			name = Release;
		};
/* End XCBuildConfiguration section */

/* Begin XCConfigurationList section */
		2FFAAF1D1A5FACFB009E6F1E /* Build configuration list for PBXProject "Testbed iOS" */ = {
			isa = XCConfigurationList;
			buildConfigurations = (
				2FFAAF431A5FACFB009E6F1E /* Debug */,
				2FFAAF441A5FACFB009E6F1E /* Release */,
			);
			defaultConfigurationIsVisible = 0;
			defaultConfigurationName = Release;
		};
		2FFAAF451A5FACFB009E6F1E /* Build configuration list for PBXNativeTarget "Testbed iOS" */ = {
			isa = XCConfigurationList;
			buildConfigurations = (
				2FFAAF461A5FACFB009E6F1E /* Debug */,
				2FFAAF471A5FACFB009E6F1E /* Release */,
			);
			defaultConfigurationIsVisible = 0;
		};
		2FFAAF481A5FACFB009E6F1E /* Build configuration list for PBXNativeTarget "Testbed iOSTests" */ = {
			isa = XCConfigurationList;
			buildConfigurations = (
				2FFAAF491A5FACFB009E6F1E /* Debug */,
				2FFAAF4A1A5FACFB009E6F1E /* Release */,
			);
			defaultConfigurationIsVisible = 0;
		};
/* End XCConfigurationList section */
	};
	rootObject = 2FFAAF1A1A5FACFB009E6F1E /* Project object */;
}
