// !$*UTF8*$!
{
	archiveVersion = 1;
	classes = {
	};
	objectVersion = 46;
	objects = {

/* Begin PBXBuildFile section */
		2FFAAF5B1A5FAE1D009E6F1E /* AppDelegate.m in Sources */ = {isa = PBXBuildFile; fileRef = 2FFAAF5A1A5FAE1D009E6F1E /* AppDelegate.m */; };
		2FFAAF5D1A5FAE1D009E6F1E /* main.m in Sources */ = {isa = PBXBuildFile; fileRef = 2FFAAF5C1A5FAE1D009E6F1E /* main.m */; };
		2FFAAF5F1A5FAE1D009E6F1E /* Images.xcassets in Resources */ = {isa = PBXBuildFile; fileRef = 2FFAAF5E1A5FAE1D009E6F1E /* Images.xcassets */; };
		2FFAAF621A5FAE1D009E6F1E /* MainMenu.xib in Resources */ = {isa = PBXBuildFile; fileRef = 2FFAAF601A5FAE1D009E6F1E /* MainMenu.xib */; };
		2FFAAF6E1A5FAE1D009E6F1E /* Testbed_OS_XTests.m in Sources */ = {isa = PBXBuildFile; fileRef = 2FFAAF6D1A5FAE1D009E6F1E /* Testbed_OS_XTests.m */; };
/* End PBXBuildFile section */

/* Begin PBXContainerItemProxy section */
		2FFAAF681A5FAE1D009E6F1E /* PBXContainerItemProxy */ = {
			isa = PBXContainerItemProxy;
			containerPortal = 2FFAAF4C1A5FAE1D009E6F1E /* Project object */;
			proxyType = 1;
			remoteGlobalIDString = 2FFAAF531A5FAE1D009E6F1E;
			remoteInfo = "Testbed OS X";
		};
/* End PBXContainerItemProxy section */

/* Begin PBXFileReference section */
		2FFAAF541A5FAE1D009E6F1E /* Testbed OS X.app */ = {isa = PBXFileReference; explicitFileType = wrapper.application; includeInIndex = 0; path = "Testbed OS X.app"; sourceTree = BUILT_PRODUCTS_DIR; };
		2FFAAF581A5FAE1D009E6F1E /* Info.plist */ = {isa = PBXFileReference; lastKnownFileType = text.plist.xml; path = Info.plist; sourceTree = "<group>"; };
		2FFAAF591A5FAE1D009E6F1E /* AppDelegate.h */ = {isa = PBXFileReference; lastKnownFileType = sourcecode.c.h; path = AppDelegate.h; sourceTree = "<group>"; };
		2FFAAF5A1A5FAE1D009E6F1E /* AppDelegate.m */ = {isa = PBXFileReference; lastKnownFileType = sourcecode.c.objc; path = AppDelegate.m; sourceTree = "<group>"; };
		2FFAAF5C1A5FAE1D009E6F1E /* main.m */ = {isa = PBXFileReference; lastKnownFileType = sourcecode.c.objc; path = main.m; sourceTree = "<group>"; };
		2FFAAF5E1A5FAE1D009E6F1E /* Images.xcassets */ = {isa = PBXFileReference; lastKnownFileType = folder.assetcatalog; path = Images.xcassets; sourceTree = "<group>"; };
		2FFAAF611A5FAE1D009E6F1E /* Base */ = {isa = PBXFileReference; lastKnownFileType = file.xib; name = Base; path = Base.lproj/MainMenu.xib; sourceTree = "<group>"; };
		2FFAAF671A5FAE1D009E6F1E /* Testbed OS XTests.xctest */ = {isa = PBXFileReference; explicitFileType = wrapper.cfbundle; includeInIndex = 0; path = "Testbed OS XTests.xctest"; sourceTree = BUILT_PRODUCTS_DIR; };
		2FFAAF6C1A5FAE1D009E6F1E /* Info.plist */ = {isa = PBXFileReference; lastKnownFileType = text.plist.xml; path = Info.plist; sourceTree = "<group>"; };
		2FFAAF6D1A5FAE1D009E6F1E /* Testbed_OS_XTests.m */ = {isa = PBXFileReference; lastKnownFileType = sourcecode.c.objc; path = Testbed_OS_XTests.m; sourceTree = "<group>"; };
/* End PBXFileReference section */

/* Begin PBXFrameworksBuildPhase section */
		2FFAAF511A5FAE1D009E6F1E /* Frameworks */ = {
			isa = PBXFrameworksBuildPhase;
			buildActionMask = 2147483647;
			files = (
			);
			runOnlyForDeploymentPostprocessing = 0;
		};
		2FFAAF641A5FAE1D009E6F1E /* Frameworks */ = {
			isa = PBXFrameworksBuildPhase;
			buildActionMask = 2147483647;
			files = (
			);
			runOnlyForDeploymentPostprocessing = 0;
		};
/* End PBXFrameworksBuildPhase section */

/* Begin PBXGroup section */
		2FFAAF4B1A5FAE1D009E6F1E = {
			isa = PBXGroup;
			children = (
				2FFAAF561A5FAE1D009E6F1E /* Testbed OS X */,
				2FFAAF6A1A5FAE1D009E6F1E /* Testbed OS XTests */,
				2FFAAF551A5FAE1D009E6F1E /* Products */,
			);
			sourceTree = "<group>";
		};
		2FFAAF551A5FAE1D009E6F1E /* Products */ = {
			isa = PBXGroup;
			children = (
				2FFAAF541A5FAE1D009E6F1E /* Testbed OS X.app */,
				2FFAAF671A5FAE1D009E6F1E /* Testbed OS XTests.xctest */,
			);
			name = Products;
			sourceTree = "<group>";
		};
		2FFAAF561A5FAE1D009E6F1E /* Testbed OS X */ = {
			isa = PBXGroup;
			children = (
				2FFAAF591A5FAE1D009E6F1E /* AppDelegate.h */,
				2FFAAF5A1A5FAE1D009E6F1E /* AppDelegate.m */,
				2FFAAF5E1A5FAE1D009E6F1E /* Images.xcassets */,
				2FFAAF601A5FAE1D009E6F1E /* MainMenu.xib */,
				2FFAAF571A5FAE1D009E6F1E /* Supporting Files */,
			);
			path = "Testbed OS X";
			sourceTree = "<group>";
		};
		2FFAAF571A5FAE1D009E6F1E /* Supporting Files */ = {
			isa = PBXGroup;
			children = (
				2FFAAF581A5FAE1D009E6F1E /* Info.plist */,
				2FFAAF5C1A5FAE1D009E6F1E /* main.m */,
			);
			name = "Supporting Files";
			sourceTree = "<group>";
		};
		2FFAAF6A1A5FAE1D009E6F1E /* Testbed OS XTests */ = {
			isa = PBXGroup;
			children = (
				2FFAAF6D1A5FAE1D009E6F1E /* Testbed_OS_XTests.m */,
				2FFAAF6B1A5FAE1D009E6F1E /* Supporting Files */,
			);
			path = "Testbed OS XTests";
			sourceTree = "<group>";
		};
		2FFAAF6B1A5FAE1D009E6F1E /* Supporting Files */ = {
			isa = PBXGroup;
			children = (
				2FFAAF6C1A5FAE1D009E6F1E /* Info.plist */,
			);
			name = "Supporting Files";
			sourceTree = "<group>";
		};
/* End PBXGroup section */

/* Begin PBXNativeTarget section */
		2FFAAF531A5FAE1D009E6F1E /* Testbed OS X */ = {
			isa = PBXNativeTarget;
			buildConfigurationList = 2FFAAF711A5FAE1D009E6F1E /* Build configuration list for PBXNativeTarget "Testbed OS X" */;
			buildPhases = (
				2FFAAF501A5FAE1D009E6F1E /* Sources */,
				2FFAAF511A5FAE1D009E6F1E /* Frameworks */,
				2FFAAF521A5FAE1D009E6F1E /* Resources */,
			);
			buildRules = (
			);
			dependencies = (
			);
			name = "Testbed OS X";
			productName = "Testbed OS X";
			productReference = 2FFAAF541A5FAE1D009E6F1E /* Testbed OS X.app */;
			productType = "com.apple.product-type.application";
		};
		2FFAAF661A5FAE1D009E6F1E /* Testbed OS XTests */ = {
			isa = PBXNativeTarget;
			buildConfigurationList = 2FFAAF741A5FAE1D009E6F1E /* Build configuration list for PBXNativeTarget "Testbed OS XTests" */;
			buildPhases = (
				2FFAAF631A5FAE1D009E6F1E /* Sources */,
				2FFAAF641A5FAE1D009E6F1E /* Frameworks */,
				2FFAAF651A5FAE1D009E6F1E /* Resources */,
			);
			buildRules = (
			);
			dependencies = (
				2FFAAF691A5FAE1D009E6F1E /* PBXTargetDependency */,
			);
			name = "Testbed OS XTests";
			productName = "Testbed OS XTests";
			productReference = 2FFAAF671A5FAE1D009E6F1E /* Testbed OS XTests.xctest */;
			productType = "com.apple.product-type.bundle.unit-test";
		};
/* End PBXNativeTarget section */

/* Begin PBXProject section */
		2FFAAF4C1A5FAE1D009E6F1E /* Project object */ = {
			isa = PBXProject;
			attributes = {
				LastUpgradeCheck = 0610;
				ORGANIZATIONNAME = MANUELA;
				TargetAttributes = {
					2FFAAF531A5FAE1D009E6F1E = {
						CreatedOnToolsVersion = 6.1.1;
					};
					2FFAAF661A5FAE1D009E6F1E = {
						CreatedOnToolsVersion = 6.1.1;
						TestTargetID = 2FFAAF531A5FAE1D009E6F1E;
					};
				};
			};
			buildConfigurationList = 2FFAAF4F1A5FAE1D009E6F1E /* Build configuration list for PBXProject "Testbed OS X" */;
			compatibilityVersion = "Xcode 3.2";
			developmentRegion = English;
			hasScannedForEncodings = 0;
			knownRegions = (
				en,
				Base,
			);
			mainGroup = 2FFAAF4B1A5FAE1D009E6F1E;
			productRefGroup = 2FFAAF551A5FAE1D009E6F1E /* Products */;
			projectDirPath = "";
			projectRoot = "";
			targets = (
				2FFAAF531A5FAE1D009E6F1E /* Testbed OS X */,
				2FFAAF661A5FAE1D009E6F1E /* Testbed OS XTests */,
			);
		};
/* End PBXProject section */

/* Begin PBXResourcesBuildPhase section */
		2FFAAF521A5FAE1D009E6F1E /* Resources */ = {
			isa = PBXResourcesBuildPhase;
			buildActionMask = 2147483647;
			files = (
				2FFAAF5F1A5FAE1D009E6F1E /* Images.xcassets in Resources */,
				2FFAAF621A5FAE1D009E6F1E /* MainMenu.xib in Resources */,
			);
			runOnlyForDeploymentPostprocessing = 0;
		};
		2FFAAF651A5FAE1D009E6F1E /* Resources */ = {
			isa = PBXResourcesBuildPhase;
			buildActionMask = 2147483647;
			files = (
			);
			runOnlyForDeploymentPostprocessing = 0;
		};
/* End PBXResourcesBuildPhase section */

/* Begin PBXSourcesBuildPhase section */
		2FFAAF501A5FAE1D009E6F1E /* Sources */ = {
			isa = PBXSourcesBuildPhase;
			buildActionMask = 2147483647;
			files = (
				2FFAAF5D1A5FAE1D009E6F1E /* main.m in Sources */,
				2FFAAF5B1A5FAE1D009E6F1E /* AppDelegate.m in Sources */,
			);
			runOnlyForDeploymentPostprocessing = 0;
		};
		2FFAAF631A5FAE1D009E6F1E /* Sources */ = {
			isa = PBXSourcesBuildPhase;
			buildActionMask = 2147483647;
			files = (
				2FFAAF6E1A5FAE1D009E6F1E /* Testbed_OS_XTests.m in Sources */,
			);
			runOnlyForDeploymentPostprocessing = 0;
		};
/* End PBXSourcesBuildPhase section */

/* Begin PBXTargetDependency section */
		2FFAAF691A5FAE1D009E6F1E /* PBXTargetDependency */ = {
			isa = PBXTargetDependency;
			target = 2FFAAF531A5FAE1D009E6F1E /* Testbed OS X */;
			targetProxy = 2FFAAF681A5FAE1D009E6F1E /* PBXContainerItemProxy */;
		};
/* End PBXTargetDependency section */

/* Begin PBXVariantGroup section */
		2FFAAF601A5FAE1D009E6F1E /* MainMenu.xib */ = {
			isa = PBXVariantGroup;
			children = (
				2FFAAF611A5FAE1D009E6F1E /* Base */,
			);
			name = MainMenu.xib;
			sourceTree = "<group>";
		};
/* End PBXVariantGroup section */

/* Begin XCBuildConfiguration section */
		2FFAAF6F1A5FAE1D009E6F1E /* Debug */ = {
			isa = XCBuildConfiguration;
			buildSettings = {
				ALWAYS_SEARCH_USER_PATHS = NO;
				CLANG_CXX_LANGUAGE_STANDARD = "gnu++0x";
				CLANG_CXX_LIBRARY = "libc++";
				CLANG_ENABLE_MODULES = YES;
				CLANG_ENABLE_OBJC_ARC = YES;
				CLANG_WARN_BOOL_CONVERSION = YES;
				CLANG_WARN_CONSTANT_CONVERSION = YES;
				CLANG_WARN_DIRECT_OBJC_ISA_USAGE = YES_ERROR;
				CLANG_WARN_EMPTY_BODY = YES;
				CLANG_WARN_ENUM_CONVERSION = YES;
				CLANG_WARN_INT_CONVERSION = YES;
				CLANG_WARN_OBJC_ROOT_CLASS = YES_ERROR;
				CLANG_WARN_UNREACHABLE_CODE = YES;
				CLANG_WARN__DUPLICATE_METHOD_MATCH = YES;
				CODE_SIGN_IDENTITY = "-";
				COPY_PHASE_STRIP = NO;
				ENABLE_STRICT_OBJC_MSGSEND = YES;
				GCC_C_LANGUAGE_STANDARD = gnu99;
				GCC_DYNAMIC_NO_PIC = NO;
				GCC_OPTIMIZATION_LEVEL = 0;
				GCC_PREPROCESSOR_DEFINITIONS = (
					"DEBUG=1",
					"$(inherited)",
				);
				GCC_SYMBOLS_PRIVATE_EXTERN = NO;
				GCC_WARN_64_TO_32_BIT_CONVERSION = YES;
				GCC_WARN_ABOUT_RETURN_TYPE = YES_ERROR;
				GCC_WARN_UNDECLARED_SELECTOR = YES;
				GCC_WARN_UNINITIALIZED_AUTOS = YES_AGGRESSIVE;
				GCC_WARN_UNUSED_FUNCTION = YES;
				GCC_WARN_UNUSED_VARIABLE = YES;
				MACOSX_DEPLOYMENT_TARGET = 10.9;
				MTL_ENABLE_DEBUG_INFO = YES;
				ONLY_ACTIVE_ARCH = YES;
				SDKROOT = macosx;
			};
			name = Debug;
		};
		2FFAAF701A5FAE1D009E6F1E /* Release */ = {
			isa = XCBuildConfiguration;
			buildSettings = {
				ALWAYS_SEARCH_USER_PATHS = NO;
				CLANG_CXX_LANGUAGE_STANDARD = "gnu++0x";
				CLANG_CXX_LIBRARY = "libc++";
				CLANG_ENABLE_MODULES = YES;
				CLANG_ENABLE_OBJC_ARC = YES;
				CLANG_WARN_BOOL_CONVERSION = YES;
				CLANG_WARN_CONSTANT_CONVERSION = YES;
				CLANG_WARN_DIRECT_OBJC_ISA_USAGE = YES_ERROR;
				CLANG_WARN_EMPTY_BODY = YES;
				CLANG_WARN_ENUM_CONVERSION = YES;
				CLANG_WARN_INT_CONVERSION = YES;
				CLANG_WARN_OBJC_ROOT_CLASS = YES_ERROR;
				CLANG_WARN_UNREACHABLE_CODE = YES;
				CLANG_WARN__DUPLICATE_METHOD_MATCH = YES;
				CODE_SIGN_IDENTITY = "-";
				COPY_PHASE_STRIP = YES;
				DEBUG_INFORMATION_FORMAT = "dwarf-with-dsym";
				ENABLE_NS_ASSERTIONS = NO;
				ENABLE_STRICT_OBJC_MSGSEND = YES;
				GCC_C_LANGUAGE_STANDARD = gnu99;
				GCC_WARN_64_TO_32_BIT_CONVERSION = YES;
				GCC_WARN_ABOUT_RETURN_TYPE = YES_ERROR;
				GCC_WARN_UNDECLARED_SELECTOR = YES;
				GCC_WARN_UNINITIALIZED_AUTOS = YES_AGGRESSIVE;
				GCC_WARN_UNUSED_FUNCTION = YES;
				GCC_WARN_UNUSED_VARIABLE = YES;
				MACOSX_DEPLOYMENT_TARGET = 10.9;
				MTL_ENABLE_DEBUG_INFO = NO;
				SDKROOT = macosx;
			};
			name = Release;
		};
		2FFAAF721A5FAE1D009E6F1E /* Debug */ = {
			isa = XCBuildConfiguration;
			buildSettings = {
				ASSETCATALOG_COMPILER_APPICON_NAME = AppIcon;
				COMBINE_HIDPI_IMAGES = YES;
				INFOPLIST_FILE = "Testbed OS X/Info.plist";
				LD_RUNPATH_SEARCH_PATHS = "$(inherited) @executable_path/../Frameworks";
				PRODUCT_NAME = "$(TARGET_NAME)";
			};
			name = Debug;
		};
		2FFAAF731A5FAE1D009E6F1E /* Release */ = {
			isa = XCBuildConfiguration;
			buildSettings = {
				ASSETCATALOG_COMPILER_APPICON_NAME = AppIcon;
				COMBINE_HIDPI_IMAGES = YES;
				INFOPLIST_FILE = "Testbed OS X/Info.plist";
				LD_RUNPATH_SEARCH_PATHS = "$(inherited) @executable_path/../Frameworks";
				PRODUCT_NAME = "$(TARGET_NAME)";
			};
			name = Release;
		};
		2FFAAF751A5FAE1D009E6F1E /* Debug */ = {
			isa = XCBuildConfiguration;
			buildSettings = {
				BUNDLE_LOADER = "$(TEST_HOST)";
				COMBINE_HIDPI_IMAGES = YES;
				FRAMEWORK_SEARCH_PATHS = (
					"$(DEVELOPER_FRAMEWORKS_DIR)",
					"$(inherited)",
				);
				GCC_PREPROCESSOR_DEFINITIONS = (
					"DEBUG=1",
					"$(inherited)",
				);
				INFOPLIST_FILE = "Testbed OS XTests/Info.plist";
				LD_RUNPATH_SEARCH_PATHS = "$(inherited) @executable_path/../Frameworks @loader_path/../Frameworks";
				PRODUCT_NAME = "$(TARGET_NAME)";
				TEST_HOST = "$(BUILT_PRODUCTS_DIR)/Testbed OS X.app/Contents/MacOS/Testbed OS X";
			};
			name = Debug;
		};
		2FFAAF761A5FAE1D009E6F1E /* Release */ = {
			isa = XCBuildConfiguration;
			buildSettings = {
				BUNDLE_LOADER = "$(TEST_HOST)";
				COMBINE_HIDPI_IMAGES = YES;
				FRAMEWORK_SEARCH_PATHS = (
					"$(DEVELOPER_FRAMEWORKS_DIR)",
					"$(inherited)",
				);
				INFOPLIST_FILE = "Testbed OS XTests/Info.plist";
				LD_RUNPATH_SEARCH_PATHS = "$(inherited) @executable_path/../Frameworks @loader_path/../Frameworks";
				PRODUCT_NAME = "$(TARGET_NAME)";
				TEST_HOST = "$(BUILT_PRODUCTS_DIR)/Testbed OS X.app/Contents/MacOS/Testbed OS X";
			};
			name = Release;
		};
/* End XCBuildConfiguration section */

/* Begin XCConfigurationList section */
		2FFAAF4F1A5FAE1D009E6F1E /* Build configuration list for PBXProject "Testbed OS X" */ = {
			isa = XCConfigurationList;
			buildConfigurations = (
				2FFAAF6F1A5FAE1D009E6F1E /* Debug */,
				2FFAAF701A5FAE1D009E6F1E /* Release */,
			);
			defaultConfigurationIsVisible = 0;
			defaultConfigurationName = Release;
		};
		2FFAAF711A5FAE1D009E6F1E /* Build configuration list for PBXNativeTarget "Testbed OS X" */ = {
			isa = XCConfigurationList;
			buildConfigurations = (
				2FFAAF721A5FAE1D009E6F1E /* Debug */,
				2FFAAF731A5FAE1D009E6F1E /* Release */,
			);
			defaultConfigurationIsVisible = 0;
		};
		2FFAAF741A5FAE1D009E6F1E /* Build configuration list for PBXNativeTarget "Testbed OS XTests" */ = {
			isa = XCConfigurationList;
			buildConfigurations = (
				2FFAAF751A5FAE1D009E6F1E /* Debug */,
				2FFAAF761A5FAE1D009E6F1E /* Release */,
			);
			defaultConfigurationIsVisible = 0;
		};
/* End XCConfigurationList section */
	};
	rootObject = 2FFAAF4C1A5FAE1D009E6F1E /* Project object */;
}
