// !$*UTF8*$!
{
	archiveVersion = 1;
	classes = {
	};
	objectVersion = 46;
	objects = {

/* Begin PBXBuildFile section */
		2FEFFC211A65B63900980475 /* WebLikesViewController.m in Sources */ = {isa = PBXBuildFile; fileRef = 2FEFFC201A65B63900980475 /* WebLikesViewController.m */; };
		2FEFFC241A65B66D00980475 /* SurfWebViewController.m in Sources */ = {isa = PBXBuildFile; fileRef = 2FEFFC231A65B66D00980475 /* SurfWebViewController.m */; };
		2FFAB0841A64C516009E6F1E /* main.m in Sources */ = {isa = PBXBuildFile; fileRef = 2FFAB0831A64C516009E6F1E /* main.m */; };
		2FFAB0871A64C516009E6F1E /* AppDelegate.m in Sources */ = {isa = PBXBuildFile; fileRef = 2FFAB0861A64C516009E6F1E /* AppDelegate.m */; };
		2FFAB08A1A64C516009E6F1E /* MainViewController.m in Sources */ = {isa = PBXBuildFile; fileRef = 2FFAB0891A64C516009E6F1E /* MainViewController.m */; };
		2FFAB08D1A64C516009E6F1E /* Main.storyboard in Resources */ = {isa = PBXBuildFile; fileRef = 2FFAB08B1A64C516009E6F1E /* Main.storyboard */; };
		2FFAB08F1A64C516009E6F1E /* Images.xcassets in Resources */ = {isa = PBXBuildFile; fileRef = 2FFAB08E1A64C516009E6F1E /* Images.xcassets */; };
		2FFAB0921A64C516009E6F1E /* LaunchScreen.xib in Resources */ = {isa = PBXBuildFile; fileRef = 2FFAB0901A64C516009E6F1E /* LaunchScreen.xib */; };
		2FFAB09E1A64C516009E6F1E /* Surf_AppTests.m in Sources */ = {isa = PBXBuildFile; fileRef = 2FFAB09D1A64C516009E6F1E /* Surf_AppTests.m */; };
/* End PBXBuildFile section */

/* Begin PBXContainerItemProxy section */
		2FFAB0981A64C516009E6F1E /* PBXContainerItemProxy */ = {
			isa = PBXContainerItemProxy;
			containerPortal = 2FFAB0761A64C516009E6F1E /* Project object */;
			proxyType = 1;
			remoteGlobalIDString = 2FFAB07D1A64C516009E6F1E;
			remoteInfo = "Surf App";
		};
/* End PBXContainerItemProxy section */

/* Begin PBXFileReference section */
		2FEFFC1F1A65B63900980475 /* WebLikesViewController.h */ = {isa = PBXFileReference; fileEncoding = 4; lastKnownFileType = sourcecode.c.h; path = WebLikesViewController.h; sourceTree = "<group>"; };
		2FEFFC201A65B63900980475 /* WebLikesViewController.m */ = {isa = PBXFileReference; fileEncoding = 4; lastKnownFileType = sourcecode.c.objc; path = WebLikesViewController.m; sourceTree = "<group>"; };
		2FEFFC221A65B66D00980475 /* SurfWebViewController.h */ = {isa = PBXFileReference; fileEncoding = 4; lastKnownFileType = sourcecode.c.h; path = SurfWebViewController.h; sourceTree = "<group>"; };
		2FEFFC231A65B66D00980475 /* SurfWebViewController.m */ = {isa = PBXFileReference; fileEncoding = 4; lastKnownFileType = sourcecode.c.objc; path = SurfWebViewController.m; sourceTree = "<group>"; };
		2FFAB07E1A64C516009E6F1E /* Surf App.app */ = {isa = PBXFileReference; explicitFileType = wrapper.application; includeInIndex = 0; path = "Surf App.app"; sourceTree = BUILT_PRODUCTS_DIR; };
		2FFAB0821A64C516009E6F1E /* Info.plist */ = {isa = PBXFileReference; lastKnownFileType = text.plist.xml; path = Info.plist; sourceTree = "<group>"; };
		2FFAB0831A64C516009E6F1E /* main.m */ = {isa = PBXFileReference; lastKnownFileType = sourcecode.c.objc; path = main.m; sourceTree = "<group>"; };
		2FFAB0851A64C516009E6F1E /* AppDelegate.h */ = {isa = PBXFileReference; lastKnownFileType = sourcecode.c.h; path = AppDelegate.h; sourceTree = "<group>"; };
		2FFAB0861A64C516009E6F1E /* AppDelegate.m */ = {isa = PBXFileReference; lastKnownFileType = sourcecode.c.objc; path = AppDelegate.m; sourceTree = "<group>"; };
		2FFAB0881A64C516009E6F1E /* MainViewController.h */ = {isa = PBXFileReference; lastKnownFileType = sourcecode.c.h; path = MainViewController.h; sourceTree = "<group>"; };
		2FFAB0891A64C516009E6F1E /* MainViewController.m */ = {isa = PBXFileReference; lastKnownFileType = sourcecode.c.objc; path = MainViewController.m; sourceTree = "<group>"; };
		2FFAB08C1A64C516009E6F1E /* Base */ = {isa = PBXFileReference; lastKnownFileType = file.storyboard; name = Base; path = Base.lproj/Main.storyboard; sourceTree = "<group>"; };
		2FFAB08E1A64C516009E6F1E /* Images.xcassets */ = {isa = PBXFileReference; lastKnownFileType = folder.assetcatalog; path = Images.xcassets; sourceTree = "<group>"; };
		2FFAB0911A64C516009E6F1E /* Base */ = {isa = PBXFileReference; lastKnownFileType = file.xib; name = Base; path = Base.lproj/LaunchScreen.xib; sourceTree = "<group>"; };
		2FFAB0971A64C516009E6F1E /* Surf AppTests.xctest */ = {isa = PBXFileReference; explicitFileType = wrapper.cfbundle; includeInIndex = 0; path = "Surf AppTests.xctest"; sourceTree = BUILT_PRODUCTS_DIR; };
		2FFAB09C1A64C516009E6F1E /* Info.plist */ = {isa = PBXFileReference; lastKnownFileType = text.plist.xml; path = Info.plist; sourceTree = "<group>"; };
		2FFAB09D1A64C516009E6F1E /* Surf_AppTests.m */ = {isa = PBXFileReference; lastKnownFileType = sourcecode.c.objc; path = Surf_AppTests.m; sourceTree = "<group>"; };
/* End PBXFileReference section */

/* Begin PBXFrameworksBuildPhase section */
		2FFAB07B1A64C516009E6F1E /* Frameworks */ = {
			isa = PBXFrameworksBuildPhase;
			buildActionMask = 2147483647;
			files = (
			);
			runOnlyForDeploymentPostprocessing = 0;
		};
		2FFAB0941A64C516009E6F1E /* Frameworks */ = {
			isa = PBXFrameworksBuildPhase;
			buildActionMask = 2147483647;
			files = (
			);
			runOnlyForDeploymentPostprocessing = 0;
		};
/* End PBXFrameworksBuildPhase section */

/* Begin PBXGroup section */
		2FFAB0751A64C516009E6F1E = {
			isa = PBXGroup;
			children = (
				2FFAB0801A64C516009E6F1E /* Surf App */,
				2FFAB09A1A64C516009E6F1E /* Surf AppTests */,
				2FFAB07F1A64C516009E6F1E /* Products */,
			);
			sourceTree = "<group>";
		};
		2FFAB07F1A64C516009E6F1E /* Products */ = {
			isa = PBXGroup;
			children = (
				2FFAB07E1A64C516009E6F1E /* Surf App.app */,
				2FFAB0971A64C516009E6F1E /* Surf AppTests.xctest */,
			);
			name = Products;
			sourceTree = "<group>";
		};
		2FFAB0801A64C516009E6F1E /* Surf App */ = {
			isa = PBXGroup;
			children = (
				2FFAB0851A64C516009E6F1E /* AppDelegate.h */,
				2FFAB0861A64C516009E6F1E /* AppDelegate.m */,
				2FFAB0881A64C516009E6F1E /* MainViewController.h */,
				2FFAB0891A64C516009E6F1E /* MainViewController.m */,
				2FFAB08B1A64C516009E6F1E /* Main.storyboard */,
				2FEFFC221A65B66D00980475 /* SurfWebViewController.h */,
				2FEFFC231A65B66D00980475 /* SurfWebViewController.m */,
				2FEFFC1F1A65B63900980475 /* WebLikesViewController.h */,
				2FEFFC201A65B63900980475 /* WebLikesViewController.m */,
				2FFAB08E1A64C516009E6F1E /* Images.xcassets */,
				2FFAB0901A64C516009E6F1E /* LaunchScreen.xib */,
				2FFAB0811A64C516009E6F1E /* Supporting Files */,
			);
			path = "Surf App";
			sourceTree = "<group>";
		};
		2FFAB0811A64C516009E6F1E /* Supporting Files */ = {
			isa = PBXGroup;
			children = (
				2FFAB0821A64C516009E6F1E /* Info.plist */,
				2FFAB0831A64C516009E6F1E /* main.m */,
			);
			name = "Supporting Files";
			sourceTree = "<group>";
		};
		2FFAB09A1A64C516009E6F1E /* Surf AppTests */ = {
			isa = PBXGroup;
			children = (
				2FFAB09D1A64C516009E6F1E /* Surf_AppTests.m */,
				2FFAB09B1A64C516009E6F1E /* Supporting Files */,
			);
			path = "Surf AppTests";
			sourceTree = "<group>";
		};
		2FFAB09B1A64C516009E6F1E /* Supporting Files */ = {
			isa = PBXGroup;
			children = (
				2FFAB09C1A64C516009E6F1E /* Info.plist */,
			);
			name = "Supporting Files";
			sourceTree = "<group>";
		};
/* End PBXGroup section */

/* Begin PBXNativeTarget section */
		2FFAB07D1A64C516009E6F1E /* Surf App */ = {
			isa = PBXNativeTarget;
			buildConfigurationList = 2FFAB0A11A64C516009E6F1E /* Build configuration list for PBXNativeTarget "Surf App" */;
			buildPhases = (
				2FFAB07A1A64C516009E6F1E /* Sources */,
				2FFAB07B1A64C516009E6F1E /* Frameworks */,
				2FFAB07C1A64C516009E6F1E /* Resources */,
			);
			buildRules = (
			);
			dependencies = (
			);
			name = "Surf App";
			productName = "Surf App";
			productReference = 2FFAB07E1A64C516009E6F1E /* Surf App.app */;
			productType = "com.apple.product-type.application";
		};
		2FFAB0961A64C516009E6F1E /* Surf AppTests */ = {
			isa = PBXNativeTarget;
			buildConfigurationList = 2FFAB0A41A64C516009E6F1E /* Build configuration list for PBXNativeTarget "Surf AppTests" */;
			buildPhases = (
				2FFAB0931A64C516009E6F1E /* Sources */,
				2FFAB0941A64C516009E6F1E /* Frameworks */,
				2FFAB0951A64C516009E6F1E /* Resources */,
			);
			buildRules = (
			);
			dependencies = (
				2FFAB0991A64C516009E6F1E /* PBXTargetDependency */,
			);
			name = "Surf AppTests";
			productName = "Surf AppTests";
			productReference = 2FFAB0971A64C516009E6F1E /* Surf AppTests.xctest */;
			productType = "com.apple.product-type.bundle.unit-test";
		};
/* End PBXNativeTarget section */

/* Begin PBXProject section */
		2FFAB0761A64C516009E6F1E /* Project object */ = {
			isa = PBXProject;
			attributes = {
				LastUpgradeCheck = 0610;
				ORGANIZATIONNAME = MANUELA;
				TargetAttributes = {
					2FFAB07D1A64C516009E6F1E = {
						CreatedOnToolsVersion = 6.1.1;
					};
					2FFAB0961A64C516009E6F1E = {
						CreatedOnToolsVersion = 6.1.1;
						TestTargetID = 2FFAB07D1A64C516009E6F1E;
					};
				};
			};
			buildConfigurationList = 2FFAB0791A64C516009E6F1E /* Build configuration list for PBXProject "Surf App" */;
			compatibilityVersion = "Xcode 3.2";
			developmentRegion = English;
			hasScannedForEncodings = 0;
			knownRegions = (
				en,
				Base,
			);
			mainGroup = 2FFAB0751A64C516009E6F1E;
			productRefGroup = 2FFAB07F1A64C516009E6F1E /* Products */;
			projectDirPath = "";
			projectRoot = "";
			targets = (
				2FFAB07D1A64C516009E6F1E /* Surf App */,
				2FFAB0961A64C516009E6F1E /* Surf AppTests */,
			);
		};
/* End PBXProject section */

/* Begin PBXResourcesBuildPhase section */
		2FFAB07C1A64C516009E6F1E /* Resources */ = {
			isa = PBXResourcesBuildPhase;
			buildActionMask = 2147483647;
			files = (
				2FFAB08D1A64C516009E6F1E /* Main.storyboard in Resources */,
				2FFAB0921A64C516009E6F1E /* LaunchScreen.xib in Resources */,
				2FFAB08F1A64C516009E6F1E /* Images.xcassets in Resources */,
			);
			runOnlyForDeploymentPostprocessing = 0;
		};
		2FFAB0951A64C516009E6F1E /* Resources */ = {
			isa = PBXResourcesBuildPhase;
			buildActionMask = 2147483647;
			files = (
			);
			runOnlyForDeploymentPostprocessing = 0;
		};
/* End PBXResourcesBuildPhase section */

/* Begin PBXSourcesBuildPhase section */
		2FFAB07A1A64C516009E6F1E /* Sources */ = {
			isa = PBXSourcesBuildPhase;
			buildActionMask = 2147483647;
			files = (
				2FEFFC241A65B66D00980475 /* SurfWebViewController.m in Sources */,
				2FEFFC211A65B63900980475 /* WebLikesViewController.m in Sources */,
				2FFAB08A1A64C516009E6F1E /* MainViewController.m in Sources */,
				2FFAB0871A64C516009E6F1E /* AppDelegate.m in Sources */,
				2FFAB0841A64C516009E6F1E /* main.m in Sources */,
			);
			runOnlyForDeploymentPostprocessing = 0;
		};
		2FFAB0931A64C516009E6F1E /* Sources */ = {
			isa = PBXSourcesBuildPhase;
			buildActionMask = 2147483647;
			files = (
				2FFAB09E1A64C516009E6F1E /* Surf_AppTests.m in Sources */,
			);
			runOnlyForDeploymentPostprocessing = 0;
		};
/* End PBXSourcesBuildPhase section */

/* Begin PBXTargetDependency section */
		2FFAB0991A64C516009E6F1E /* PBXTargetDependency */ = {
			isa = PBXTargetDependency;
			target = 2FFAB07D1A64C516009E6F1E /* Surf App */;
			targetProxy = 2FFAB0981A64C516009E6F1E /* PBXContainerItemProxy */;
		};
/* End PBXTargetDependency section */

/* Begin PBXVariantGroup section */
		2FFAB08B1A64C516009E6F1E /* Main.storyboard */ = {
			isa = PBXVariantGroup;
			children = (
				2FFAB08C1A64C516009E6F1E /* Base */,
			);
			name = Main.storyboard;
			sourceTree = "<group>";
		};
		2FFAB0901A64C516009E6F1E /* LaunchScreen.xib */ = {
			isa = PBXVariantGroup;
			children = (
				2FFAB0911A64C516009E6F1E /* Base */,
			);
			name = LaunchScreen.xib;
			sourceTree = "<group>";
		};
/* End PBXVariantGroup section */

/* Begin XCBuildConfiguration section */
		2FFAB09F1A64C516009E6F1E /* Debug */ = {
			isa = XCBuildConfiguration;
			buildSettings = {
				ALWAYS_SEARCH_USER_PATHS = NO;
				CLANG_CXX_LANGUAGE_STANDARD = "gnu++0x";
				CLANG_CXX_LIBRARY = "libc++";
				CLANG_ENABLE_MODULES = YES;
				CLANG_ENABLE_OBJC_ARC = YES;
				CLANG_WARN_BOOL_CONVERSION = YES;
				CLANG_WARN_CONSTANT_CONVERSION = YES;
				CLANG_WARN_DIRECT_OBJC_ISA_USAGE = YES_ERROR;
				CLANG_WARN_EMPTY_BODY = YES;
				CLANG_WARN_ENUM_CONVERSION = YES;
				CLANG_WARN_INT_CONVERSION = YES;
				CLANG_WARN_OBJC_ROOT_CLASS = YES_ERROR;
				CLANG_WARN_UNREACHABLE_CODE = YES;
				CLANG_WARN__DUPLICATE_METHOD_MATCH = YES;
				"CODE_SIGN_IDENTITY[sdk=iphoneos*]" = "iPhone Developer";
				COPY_PHASE_STRIP = NO;
				ENABLE_STRICT_OBJC_MSGSEND = YES;
				GCC_C_LANGUAGE_STANDARD = gnu99;
				GCC_DYNAMIC_NO_PIC = NO;
				GCC_OPTIMIZATION_LEVEL = 0;
				GCC_PREPROCESSOR_DEFINITIONS = (
					"DEBUG=1",
					"$(inherited)",
				);
				GCC_SYMBOLS_PRIVATE_EXTERN = NO;
				GCC_WARN_64_TO_32_BIT_CONVERSION = YES;
				GCC_WARN_ABOUT_RETURN_TYPE = YES_ERROR;
				GCC_WARN_UNDECLARED_SELECTOR = YES;
				GCC_WARN_UNINITIALIZED_AUTOS = YES_AGGRESSIVE;
				GCC_WARN_UNUSED_FUNCTION = YES;
				GCC_WARN_UNUSED_VARIABLE = YES;
				IPHONEOS_DEPLOYMENT_TARGET = 8.1;
				MTL_ENABLE_DEBUG_INFO = YES;
				ONLY_ACTIVE_ARCH = YES;
				SDKROOT = iphoneos;
			};
			name = Debug;
		};
		2FFAB0A01A64C516009E6F1E /* Release */ = {
			isa = XCBuildConfiguration;
			buildSettings = {
				ALWAYS_SEARCH_USER_PATHS = NO;
				CLANG_CXX_LANGUAGE_STANDARD = "gnu++0x";
				CLANG_CXX_LIBRARY = "libc++";
				CLANG_ENABLE_MODULES = YES;
				CLANG_ENABLE_OBJC_ARC = YES;
				CLANG_WARN_BOOL_CONVERSION = YES;
				CLANG_WARN_CONSTANT_CONVERSION = YES;
				CLANG_WARN_DIRECT_OBJC_ISA_USAGE = YES_ERROR;
				CLANG_WARN_EMPTY_BODY = YES;
				CLANG_WARN_ENUM_CONVERSION = YES;
				CLANG_WARN_INT_CONVERSION = YES;
				CLANG_WARN_OBJC_ROOT_CLASS = YES_ERROR;
				CLANG_WARN_UNREACHABLE_CODE = YES;
				CLANG_WARN__DUPLICATE_METHOD_MATCH = YES;
				"CODE_SIGN_IDENTITY[sdk=iphoneos*]" = "iPhone Developer";
				COPY_PHASE_STRIP = YES;
				ENABLE_NS_ASSERTIONS = NO;
				ENABLE_STRICT_OBJC_MSGSEND = YES;
				GCC_C_LANGUAGE_STANDARD = gnu99;
				GCC_WARN_64_TO_32_BIT_CONVERSION = YES;
				GCC_WARN_ABOUT_RETURN_TYPE = YES_ERROR;
				GCC_WARN_UNDECLARED_SELECTOR = YES;
				GCC_WARN_UNINITIALIZED_AUTOS = YES_AGGRESSIVE;
				GCC_WARN_UNUSED_FUNCTION = YES;
				GCC_WARN_UNUSED_VARIABLE = YES;
				IPHONEOS_DEPLOYMENT_TARGET = 8.1;
				MTL_ENABLE_DEBUG_INFO = NO;
				SDKROOT = iphoneos;
				VALIDATE_PRODUCT = YES;
			};
			name = Release;
		};
		2FFAB0A21A64C516009E6F1E /* Debug */ = {
			isa = XCBuildConfiguration;
			buildSettings = {
				ASSETCATALOG_COMPILER_APPICON_NAME = AppIcon;
				INFOPLIST_FILE = "Surf App/Info.plist";
				LD_RUNPATH_SEARCH_PATHS = "$(inherited) @executable_path/Frameworks";
				PRODUCT_NAME = "$(TARGET_NAME)";
			};
			name = Debug;
		};
		2FFAB0A31A64C516009E6F1E /* Release */ = {
			isa = XCBuildConfiguration;
			buildSettings = {
				ASSETCATALOG_COMPILER_APPICON_NAME = AppIcon;
				INFOPLIST_FILE = "Surf App/Info.plist";
				LD_RUNPATH_SEARCH_PATHS = "$(inherited) @executable_path/Frameworks";
				PRODUCT_NAME = "$(TARGET_NAME)";
			};
			name = Release;
		};
		2FFAB0A51A64C516009E6F1E /* Debug */ = {
			isa = XCBuildConfiguration;
			buildSettings = {
				BUNDLE_LOADER = "$(TEST_HOST)";
				FRAMEWORK_SEARCH_PATHS = (
					"$(SDKROOT)/Developer/Library/Frameworks",
					"$(inherited)",
				);
				GCC_PREPROCESSOR_DEFINITIONS = (
					"DEBUG=1",
					"$(inherited)",
				);
				INFOPLIST_FILE = "Surf AppTests/Info.plist";
				LD_RUNPATH_SEARCH_PATHS = "$(inherited) @executable_path/Frameworks @loader_path/Frameworks";
				PRODUCT_NAME = "$(TARGET_NAME)";
				TEST_HOST = "$(BUILT_PRODUCTS_DIR)/Surf App.app/Surf App";
			};
			name = Debug;
		};
		2FFAB0A61A64C516009E6F1E /* Release */ = {
			isa = XCBuildConfiguration;
			buildSettings = {
				BUNDLE_LOADER = "$(TEST_HOST)";
				FRAMEWORK_SEARCH_PATHS = (
					"$(SDKROOT)/Developer/Library/Frameworks",
					"$(inherited)",
				);
				INFOPLIST_FILE = "Surf AppTests/Info.plist";
				LD_RUNPATH_SEARCH_PATHS = "$(inherited) @executable_path/Frameworks @loader_path/Frameworks";
				PRODUCT_NAME = "$(TARGET_NAME)";
				TEST_HOST = "$(BUILT_PRODUCTS_DIR)/Surf App.app/Surf App";
			};
			name = Release;
		};
/* End XCBuildConfiguration section */

/* Begin XCConfigurationList section */
		2FFAB0791A64C516009E6F1E /* Build configuration list for PBXProject "Surf App" */ = {
			isa = XCConfigurationList;
			buildConfigurations = (
				2FFAB09F1A64C516009E6F1E /* Debug */,
				2FFAB0A01A64C516009E6F1E /* Release */,
			);
			defaultConfigurationIsVisible = 0;
			defaultConfigurationName = Release;
		};
		2FFAB0A11A64C516009E6F1E /* Build configuration list for PBXNativeTarget "Surf App" */ = {
			isa = XCConfigurationList;
			buildConfigurations = (
				2FFAB0A21A64C516009E6F1E /* Debug */,
				2FFAB0A31A64C516009E6F1E /* Release */,
			);
			defaultConfigurationIsVisible = 0;
			defaultConfigurationName = Release;
		};
		2FFAB0A41A64C516009E6F1E /* Build configuration list for PBXNativeTarget "Surf AppTests" */ = {
			isa = XCConfigurationList;
			buildConfigurations = (
				2FFAB0A51A64C516009E6F1E /* Debug */,
				2FFAB0A61A64C516009E6F1E /* Release */,
			);
			defaultConfigurationIsVisible = 0;
			defaultConfigurationName = Release;
		};
/* End XCConfigurationList section */
	};
	rootObject = 2FFAB0761A64C516009E6F1E /* Project object */;
}
